
Microsoft Visual Studio Solution File, Format Version 12.00
# Visual Studio 15
VisualStudioVersion = 15.0.27130.2010
MinimumVisualStudioVersion = 10.0.40219.1
Project("{9A19103F-16F7-4668-BE54-9A1E7A4F7556}") = "AbstractFactory", "AbstractFactory\AbstractFactory.csproj", "{62A1DDE9-033A-4849-94DE-ED6248D1B975}"
EndProject
Project("{9A19103F-16F7-4668-BE54-9A1E7A4F7556}") = "Strategy", "Strategy\Strategy.csproj", "{3203C8B4-67DB-4890-BD27-5977EF01BF15}"
EndProject
Project("{9A19103F-16F7-4668-BE54-9A1E7A4F7556}") = "Singleton", "Singleton\Singleton.csproj", "{31880094-0F15-43EE-9506-83E3F3B63F10}"
EndProject
Project("{9A19103F-16F7-4668-BE54-9A1E7A4F7556}") = "BuilderPattern", "BuilderPattern\BuilderPattern.csproj", "{A5208789-A52E-48E9-ADCC-EF3D0DB1E89E}"
EndProject
Project("{FAE04EC0-301F-11D3-BF4B-00C04F79EFBC}") = "Facade", "Facade\Facade.csproj", "{D71415FF-8701-47F2-8438-72D9B8C0E30B}"
EndProject
Project("{FAE04EC0-301F-11D3-BF4B-00C04F79EFBC}") = "Decorator", "Decorator\Decorator.csproj", "{D4535089-3B6F-4B24-BB44-7EC7C0C354A3}"
EndProject
Project("{FAE04EC0-301F-11D3-BF4B-00C04F79EFBC}") = "ChainOfResponsiblity", "ChainOfResponsiblity\ChainOfResponsiblity.csproj", "{841CE2C9-2D4C-4A13-A606-4494038505D7}"
EndProject
Global
	GlobalSection(SolutionConfigurationPlatforms) = preSolution
		Debug|Any CPU = Debug|Any CPU
		Release|Any CPU = Release|Any CPU
	EndGlobalSection
	GlobalSection(ProjectConfigurationPlatforms) = postSolution
		{62A1DDE9-033A-4849-94DE-ED6248D1B975}.Debug|Any CPU.ActiveCfg = Debug|Any CPU
		{62A1DDE9-033A-4849-94DE-ED6248D1B975}.Debug|Any CPU.Build.0 = Debug|Any CPU
		{62A1DDE9-033A-4849-94DE-ED6248D1B975}.Release|Any CPU.ActiveCfg = Release|Any CPU
		{62A1DDE9-033A-4849-94DE-ED6248D1B975}.Release|Any CPU.Build.0 = Release|Any CPU
		{3203C8B4-67DB-4890-BD27-5977EF01BF15}.Debug|Any CPU.ActiveCfg = Debug|Any CPU
		{3203C8B4-67DB-4890-BD27-5977EF01BF15}.Debug|Any CPU.Build.0 = Debug|Any CPU
		{3203C8B4-67DB-4890-BD27-5977EF01BF15}.Release|Any CPU.ActiveCfg = Release|Any CPU
		{3203C8B4-67DB-4890-BD27-5977EF01BF15}.Release|Any CPU.Build.0 = Release|Any CPU
		{31880094-0F15-43EE-9506-83E3F3B63F10}.Debug|Any CPU.ActiveCfg = Debug|Any CPU
		{31880094-0F15-43EE-9506-83E3F3B63F10}.Debug|Any CPU.Build.0 = Debug|Any CPU
		{31880094-0F15-43EE-9506-83E3F3B63F10}.Release|Any CPU.ActiveCfg = Release|Any CPU
		{31880094-0F15-43EE-9506-83E3F3B63F10}.Release|Any CPU.Build.0 = Release|Any CPU
		{A5208789-A52E-48E9-ADCC-EF3D0DB1E89E}.Debug|Any CPU.ActiveCfg = Debug|Any CPU
		{A5208789-A52E-48E9-ADCC-EF3D0DB1E89E}.Debug|Any CPU.Build.0 = Debug|Any CPU
		{A5208789-A52E-48E9-ADCC-EF3D0DB1E89E}.Release|Any CPU.ActiveCfg = Release|Any CPU
		{A5208789-A52E-48E9-ADCC-EF3D0DB1E89E}.Release|Any CPU.Build.0 = Release|Any CPU
		{D71415FF-8701-47F2-8438-72D9B8C0E30B}.Debug|Any CPU.ActiveCfg = Debug|Any CPU
		{D71415FF-8701-47F2-8438-72D9B8C0E30B}.Debug|Any CPU.Build.0 = Debug|Any CPU
		{D71415FF-8701-47F2-8438-72D9B8C0E30B}.Release|Any CPU.ActiveCfg = Release|Any CPU
		{D71415FF-8701-47F2-8438-72D9B8C0E30B}.Release|Any CPU.Build.0 = Release|Any CPU
		{D4535089-3B6F-4B24-BB44-7EC7C0C354A3}.Debug|Any CPU.ActiveCfg = Debug|Any CPU
		{D4535089-3B6F-4B24-BB44-7EC7C0C354A3}.Debug|Any CPU.Build.0 = Debug|Any CPU
		{D4535089-3B6F-4B24-BB44-7EC7C0C354A3}.Release|Any CPU.ActiveCfg = Release|Any CPU
		{D4535089-3B6F-4B24-BB44-7EC7C0C354A3}.Release|Any CPU.Build.0 = Release|Any CPU
		{841CE2C9-2D4C-4A13-A606-4494038505D7}.Debug|Any CPU.ActiveCfg = Debug|Any CPU
		{841CE2C9-2D4C-4A13-A606-4494038505D7}.Debug|Any CPU.Build.0 = Debug|Any CPU
		{841CE2C9-2D4C-4A13-A606-4494038505D7}.Release|Any CPU.ActiveCfg = Release|Any CPU
		{841CE2C9-2D4C-4A13-A606-4494038505D7}.Release|Any CPU.Build.0 = Release|Any CPU
	EndGlobalSection
	GlobalSection(SolutionProperties) = preSolution
		HideSolutionNode = FALSE
	EndGlobalSection
	GlobalSection(ExtensibilityGlobals) = postSolution
		SolutionGuid = {20699C61-64F4-4F75-BF83-4C4FA1326E4A}
	EndGlobalSection
EndGlobal
